// !$*UTF8*$!
{
	archiveVersion = 1;
	classes = {
	};
	objectVersion = 50;
	objects = {

/* Begin PBXBuildFile section */
		2B23D54B25D268DC002B117C /* triangle2.cpp in Sources */ = {isa = PBXBuildFile; fileRef = 2B23D54A25D268DC002B117C /* triangle2.cpp */; };
		2B23D54F25D26A6B002B117C /* Shader.h in Sources */ = {isa = PBXBuildFile; fileRef = 2B23D54D25D26A6B002B117C /* Shader.h */; };
		2B23E06525D2850E002B117C /* shader1.vs in Resources */ = {isa = PBXBuildFile; fileRef = 2B23E06425D2850E002B117C /* shader1.vs */; };
		2B23E06825D28527002B117C /* shader1.fs in Resources */ = {isa = PBXBuildFile; fileRef = 2B23E06725D28526002B117C /* shader1.fs */; };
		2B23E94025D29BA7002B117C /* texture1.cpp in Sources */ = {isa = PBXBuildFile; fileRef = 2B23E93F25D29BA7002B117C /* texture1.cpp */; };
		2B23E94425D2B90E002B117C /* wall.jpg in Resources */ = {isa = PBXBuildFile; fileRef = 2B23E94325D2B90E002B117C /* wall.jpg */; };
		2B23E94925D38025002B117C /* shader2.vs in Resources */ = {isa = PBXBuildFile; fileRef = 2B23E94725D38025002B117C /* shader2.vs */; };
		2B23E94A25D38025002B117C /* shader2.fs in Resources */ = {isa = PBXBuildFile; fileRef = 2B23E94825D38025002B117C /* shader2.fs */; };
		2B23E94D25D38D68002B117C /* fu.jpg in Resources */ = {isa = PBXBuildFile; fileRef = 2B23E94C25D38D68002B117C /* fu.jpg */; };
		2BAD0A6E25C417E200F1DB9B /* Assets.xcassets in Resources */ = {isa = PBXBuildFile; fileRef = 2BAD0A6D25C417E200F1DB9B /* Assets.xcassets */; };
		2BAD0A7125C417E200F1DB9B /* Main.storyboard in Resources */ = {isa = PBXBuildFile; fileRef = 2BAD0A6F25C417E200F1DB9B /* Main.storyboard */; };
		2BAD0A8025C4198F00F1DB9B /* libGLEW.2.1.0.dylib in Frameworks */ = {isa = PBXBuildFile; fileRef = 2BAD0A7F25C4198F00F1DB9B /* libGLEW.2.1.0.dylib */; };
		2BAD0A8225C419AE00F1DB9B /* libglfw.3.3.dylib in Frameworks */ = {isa = PBXBuildFile; fileRef = 2BAD0A8125C419AE00F1DB9B /* libglfw.3.3.dylib */; };
		2BAD0A8425C419B600F1DB9B /* OpenGL.framework in Frameworks */ = {isa = PBXBuildFile; fileRef = 2BAD0A8325C419B600F1DB9B /* OpenGL.framework */; };
		2BAD0A8625C419CF00F1DB9B /* glad.c in Sources */ = {isa = PBXBuildFile; fileRef = 2BAD0A8525C419CF00F1DB9B /* glad.c */; };
		2BAD0A8E25C41A2300F1DB9B /* triangl1.cpp in Sources */ = {isa = PBXBuildFile; fileRef = 2BAD0A8D25C41A2300F1DB9B /* triangl1.cpp */; };
		2BDB85EB25E3D6C8001BA212 /* transform.cpp in Sources */ = {isa = PBXBuildFile; fileRef = 2BDB85EA25E3D6C8001BA212 /* transform.cpp */; };
		2BDB85EE25E3D97A001BA212 /* std_image_read.cpp in Sources */ = {isa = PBXBuildFile; fileRef = 2BDB85ED25E3D97A001BA212 /* std_image_read.cpp */; };
		2BDB8A6025E3E187001BA212 /* shader3.vs in Resources */ = {isa = PBXBuildFile; fileRef = 2BDB8A5F25E3E187001BA212 /* shader3.vs */; };
		2BDB8A6325E3E1F0001BA212 /* shader3.fs in Resources */ = {isa = PBXBuildFile; fileRef = 2BDB8A6225E3E1F0001BA212 /* shader3.fs */; };
/* End PBXBuildFile section */

/* Begin PBXFileReference section */
		2B23D54A25D268DC002B117C /* triangle2.cpp */ = {isa = PBXFileReference; lastKnownFileType = sourcecode.cpp.cpp; path = triangle2.cpp; sourceTree = "<group>"; };
		2B23D54D25D26A6B002B117C /* Shader.h */ = {isa = PBXFileReference; lastKnownFileType = sourcecode.c.h; path = Shader.h; sourceTree = "<group>"; };
		2B23E06425D2850E002B117C /* shader1.vs */ = {isa = PBXFileReference; lastKnownFileType = sourcecode.glsl; path = shader1.vs; sourceTree = "<group>"; };
		2B23E06725D28526002B117C /* shader1.fs */ = {isa = PBXFileReference; lastKnownFileType = sourcecode.glsl; path = shader1.fs; sourceTree = "<group>"; };
		2B23E93F25D29BA7002B117C /* texture1.cpp */ = {isa = PBXFileReference; lastKnownFileType = sourcecode.cpp.cpp; path = texture1.cpp; sourceTree = "<group>"; };
		2B23E94325D2B90E002B117C /* wall.jpg */ = {isa = PBXFileReference; lastKnownFileType = image.jpeg; path = wall.jpg; sourceTree = "<group>"; };
		2B23E94625D2BF75002B117C /* stb_image.h */ = {isa = PBXFileReference; lastKnownFileType = sourcecode.c.h; path = stb_image.h; sourceTree = "<group>"; };
		2B23E94725D38025002B117C /* shader2.vs */ = {isa = PBXFileReference; fileEncoding = 4; lastKnownFileType = sourcecode.glsl; path = shader2.vs; sourceTree = "<group>"; };
		2B23E94825D38025002B117C /* shader2.fs */ = {isa = PBXFileReference; fileEncoding = 4; lastKnownFileType = sourcecode.glsl; path = shader2.fs; sourceTree = "<group>"; };
		2B23E94C25D38D68002B117C /* fu.jpg */ = {isa = PBXFileReference; lastKnownFileType = image.jpeg; path = fu.jpg; sourceTree = "<group>"; };
		2BAD0A6425C417E000F1DB9B /* opengl.app */ = {isa = PBXFileReference; explicitFileType = wrapper.application; includeInIndex = 0; path = opengl.app; sourceTree = BUILT_PRODUCTS_DIR; };
		2BAD0A6D25C417E200F1DB9B /* Assets.xcassets */ = {isa = PBXFileReference; lastKnownFileType = folder.assetcatalog; path = Assets.xcassets; sourceTree = "<group>"; };
		2BAD0A7025C417E200F1DB9B /* Base */ = {isa = PBXFileReference; lastKnownFileType = file.storyboard; name = Base; path = Base.lproj/Main.storyboard; sourceTree = "<group>"; };
		2BAD0A7225C417E200F1DB9B /* Info.plist */ = {isa = PBXFileReference; lastKnownFileType = text.plist.xml; path = Info.plist; sourceTree = "<group>"; };
		2BAD0A7525C417E200F1DB9B /* opengl.entitlements */ = {isa = PBXFileReference; lastKnownFileType = text.plist.entitlements; path = opengl.entitlements; sourceTree = "<group>"; };
		2BAD0A7F25C4198F00F1DB9B /* libGLEW.2.1.0.dylib */ = {isa = PBXFileReference; lastKnownFileType = "compiled.mach-o.dylib"; name = libGLEW.2.1.0.dylib; path = ../../../../../usr/local/Cellar/glew/2.1.0_1/lib/libGLEW.2.1.0.dylib; sourceTree = "<group>"; };
		2BAD0A8125C419AE00F1DB9B /* libglfw.3.3.dylib */ = {isa = PBXFileReference; lastKnownFileType = "compiled.mach-o.dylib"; name = libglfw.3.3.dylib; path = ../../../../../usr/local/Cellar/glfw/3.3.2/lib/libglfw.3.3.dylib; sourceTree = "<group>"; };
		2BAD0A8325C419B600F1DB9B /* OpenGL.framework */ = {isa = PBXFileReference; lastKnownFileType = wrapper.framework; name = OpenGL.framework; path = System/Library/Frameworks/OpenGL.framework; sourceTree = SDKROOT; };
		2BAD0A8525C419CF00F1DB9B /* glad.c */ = {isa = PBXFileReference; fileEncoding = 4; lastKnownFileType = sourcecode.c.c; path = glad.c; sourceTree = "<group>"; };
		2BAD0A8D25C41A2300F1DB9B /* triangl1.cpp */ = {isa = PBXFileReference; lastKnownFileType = sourcecode.cpp.cpp; path = triangl1.cpp; sourceTree = "<group>"; };
		2BDB85EA25E3D6C8001BA212 /* transform.cpp */ = {isa = PBXFileReference; lastKnownFileType = sourcecode.cpp.cpp; path = transform.cpp; sourceTree = "<group>"; };
		2BDB85ED25E3D97A001BA212 /* std_image_read.cpp */ = {isa = PBXFileReference; lastKnownFileType = sourcecode.cpp.cpp; path = std_image_read.cpp; sourceTree = "<group>"; };
		2BDB8A5F25E3E187001BA212 /* shader3.vs */ = {isa = PBXFileReference; fileEncoding = 4; lastKnownFileType = sourcecode.glsl; path = shader3.vs; sourceTree = "<group>"; };
		2BDB8A6225E3E1F0001BA212 /* shader3.fs */ = {isa = PBXFileReference; fileEncoding = 4; lastKnownFileType = sourcecode.glsl; path = shader3.fs; sourceTree = "<group>"; };
/* End PBXFileReference section */

/* Begin PBXFrameworksBuildPhase section */
		2BAD0A6125C417E000F1DB9B /* Frameworks */ = {
			isa = PBXFrameworksBuildPhase;
			buildActionMask = 2147483647;
			files = (
				2BAD0A8225C419AE00F1DB9B /* libglfw.3.3.dylib in Frameworks */,
				2BAD0A8425C419B600F1DB9B /* OpenGL.framework in Frameworks */,
				2BAD0A8025C4198F00F1DB9B /* libGLEW.2.1.0.dylib in Frameworks */,
			);
			runOnlyForDeploymentPostprocessing = 0;
		};
/* End PBXFrameworksBuildPhase section */

/* Begin PBXGroup section */
		2B23D54725D2683D002B117C /* DrawTriangle */ = {
			isa = PBXGroup;
			children = (
				2BAD0A8D25C41A2300F1DB9B /* triangl1.cpp */,
			);
			path = DrawTriangle;
			sourceTree = "<group>";
		};
		2B23D54925D268B2002B117C /* Shader */ = {
			isa = PBXGroup;
			children = (
				2B23D54A25D268DC002B117C /* triangle2.cpp */,
				2B23D54D25D26A6B002B117C /* Shader.h */,
				2B23E06425D2850E002B117C /* shader1.vs */,
				2B23E06725D28526002B117C /* shader1.fs */,
			);
			path = Shader;
			sourceTree = "<group>";
		};
		2B23E93E25D29B89002B117C /* Texture */ = {
			isa = PBXGroup;
			children = (
				2B23E94825D38025002B117C /* shader2.fs */,
				2B23E94725D38025002B117C /* shader2.vs */,
				2B23E93F25D29BA7002B117C /* texture1.cpp */,
				2B23E94325D2B90E002B117C /* wall.jpg */,
				2B23E94C25D38D68002B117C /* fu.jpg */,
			);
			path = Texture;
			sourceTree = "<group>";
		};
		2B23E95025D3C80C002B117C /* Transform */ = {
			isa = PBXGroup;
			children = (
				2BDB8A6225E3E1F0001BA212 /* shader3.fs */,
				2BDB8A5F25E3E187001BA212 /* shader3.vs */,
				2BDB85EA25E3D6C8001BA212 /* transform.cpp */,
			);
			path = Transform;
			sourceTree = "<group>";
		};
		2BAD0A5B25C417E000F1DB9B = {
			isa = PBXGroup;
			children = (
				2BAD0A6625C417E000F1DB9B /* opengl */,
				2BAD0A6525C417E000F1DB9B /* Products */,
				2BAD0A7E25C4198F00F1DB9B /* Frameworks */,
			);
			sourceTree = "<group>";
		};
		2BAD0A6525C417E000F1DB9B /* Products */ = {
			isa = PBXGroup;
			children = (
				2BAD0A6425C417E000F1DB9B /* opengl.app */,
			);
			name = Products;
			sourceTree = "<group>";
		};
		2BAD0A6625C417E000F1DB9B /* opengl */ = {
			isa = PBXGroup;
			children = (
				2BDB85F125E3DB55001BA212 /* includes */,
				2B23E95025D3C80C002B117C /* Transform */,
				2B23E93E25D29B89002B117C /* Texture */,
				2B23D54925D268B2002B117C /* Shader */,
				2B23D54725D2683D002B117C /* DrawTriangle */,
				2BAD0A6D25C417E200F1DB9B /* Assets.xcassets */,
				2BAD0A6F25C417E200F1DB9B /* Main.storyboard */,
				2BAD0A7225C417E200F1DB9B /* Info.plist */,
				2BAD0A7525C417E200F1DB9B /* opengl.entitlements */,
			);
			path = opengl;
			sourceTree = "<group>";
		};
		2BAD0A7E25C4198F00F1DB9B /* Frameworks */ = {
			isa = PBXGroup;
			children = (
				2BAD0A8325C419B600F1DB9B /* OpenGL.framework */,
				2BAD0A8125C419AE00F1DB9B /* libglfw.3.3.dylib */,
				2BAD0A7F25C4198F00F1DB9B /* libGLEW.2.1.0.dylib */,
			);
			name = Frameworks;
			sourceTree = "<group>";
		};
		2BDB85F125E3DB55001BA212 /* includes */ = {
			isa = PBXGroup;
			children = (
				2BAD0A8525C419CF00F1DB9B /* glad.c */,
				2B23E94625D2BF75002B117C /* stb_image.h */,
				2BDB85ED25E3D97A001BA212 /* std_image_read.cpp */,
			);
			path = includes;
			sourceTree = "<group>";
		};
/* End PBXGroup section */

/* Begin PBXNativeTarget section */
		2BAD0A6325C417E000F1DB9B /* opengl */ = {
			isa = PBXNativeTarget;
			buildConfigurationList = 2BAD0A7825C417E200F1DB9B /* Build configuration list for PBXNativeTarget "opengl" */;
			buildPhases = (
				2BAD0A6025C417E000F1DB9B /* Sources */,
				2BAD0A6125C417E000F1DB9B /* Frameworks */,
				2BAD0A6225C417E000F1DB9B /* Resources */,
			);
			buildRules = (
			);
			dependencies = (
			);
			name = opengl;
			productName = opengl;
			productReference = 2BAD0A6425C417E000F1DB9B /* opengl.app */;
			productType = "com.apple.product-type.application";
		};
/* End PBXNativeTarget section */

/* Begin PBXProject section */
		2BAD0A5C25C417E000F1DB9B /* Project object */ = {
			isa = PBXProject;
			attributes = {
				LastUpgradeCheck = 1220;
				TargetAttributes = {
					2BAD0A6325C417E000F1DB9B = {
						CreatedOnToolsVersion = 12.2;
					};
				};
			};
			buildConfigurationList = 2BAD0A5F25C417E000F1DB9B /* Build configuration list for PBXProject "opengl" */;
			compatibilityVersion = "Xcode 9.3";
			developmentRegion = en;
			hasScannedForEncodings = 0;
			knownRegions = (
				en,
				Base,
			);
			mainGroup = 2BAD0A5B25C417E000F1DB9B;
			productRefGroup = 2BAD0A6525C417E000F1DB9B /* Products */;
			projectDirPath = "";
			projectRoot = "";
			targets = (
				2BAD0A6325C417E000F1DB9B /* opengl */,
			);
		};
/* End PBXProject section */

/* Begin PBXResourcesBuildPhase section */
		2BAD0A6225C417E000F1DB9B /* Resources */ = {
			isa = PBXResourcesBuildPhase;
			buildActionMask = 2147483647;
			files = (
				2B23E94D25D38D68002B117C /* fu.jpg in Resources */,
				2B23E94925D38025002B117C /* shader2.vs in Resources */,
				2BAD0A6E25C417E200F1DB9B /* Assets.xcassets in Resources */,
				2B23E94A25D38025002B117C /* shader2.fs in Resources */,
				2BDB8A6025E3E187001BA212 /* shader3.vs in Resources */,
				2BDB8A6325E3E1F0001BA212 /* shader3.fs in Resources */,
				2B23E94425D2B90E002B117C /* wall.jpg in Resources */,
				2BAD0A7125C417E200F1DB9B /* Main.storyboard in Resources */,
				2B23E06825D28527002B117C /* shader1.fs in Resources */,
				2B23E06525D2850E002B117C /* shader1.vs in Resources */,
			);
			runOnlyForDeploymentPostprocessing = 0;
		};
/* End PBXResourcesBuildPhase section */

/* Begin PBXSourcesBuildPhase section */
		2BAD0A6025C417E000F1DB9B /* Sources */ = {
			isa = PBXSourcesBuildPhase;
			buildActionMask = 2147483647;
			files = (
				2BAD0A8E25C41A2300F1DB9B /* triangl1.cpp in Sources */,
				2B23D54B25D268DC002B117C /* triangle2.cpp in Sources */,
				2BDB85EB25E3D6C8001BA212 /* transform.cpp in Sources */,
				2B23D54F25D26A6B002B117C /* Shader.h in Sources */,
				2B23E94025D29BA7002B117C /* texture1.cpp in Sources */,
				2BDB85EE25E3D97A001BA212 /* std_image_read.cpp in Sources */,
				2BAD0A8625C419CF00F1DB9B /* glad.c in Sources */,
			);
			runOnlyForDeploymentPostprocessing = 0;
		};
/* End PBXSourcesBuildPhase section */

/* Begin PBXVariantGroup section */
		2BAD0A6F25C417E200F1DB9B /* Main.storyboard */ = {
			isa = PBXVariantGroup;
			children = (
				2BAD0A7025C417E200F1DB9B /* Base */,
			);
			name = Main.storyboard;
			sourceTree = "<group>";
		};
/* End PBXVariantGroup section */

/* Begin XCBuildConfiguration section */
		2BAD0A7625C417E200F1DB9B /* Debug */ = {
			isa = XCBuildConfiguration;
			buildSettings = {
				ALWAYS_SEARCH_USER_PATHS = NO;
				CLANG_ANALYZER_NONNULL = YES;
				CLANG_ANALYZER_NUMBER_OBJECT_CONVERSION = YES_AGGRESSIVE;
				CLANG_CXX_LANGUAGE_STANDARD = "gnu++14";
				CLANG_CXX_LIBRARY = "libc++";
				CLANG_ENABLE_MODULES = YES;
				CLANG_ENABLE_OBJC_ARC = YES;
				CLANG_ENABLE_OBJC_WEAK = YES;
				CLANG_WARN_BLOCK_CAPTURE_AUTORELEASING = YES;
				CLANG_WARN_BOOL_CONVERSION = YES;
				CLANG_WARN_COMMA = YES;
				CLANG_WARN_CONSTANT_CONVERSION = YES;
				CLANG_WARN_DEPRECATED_OBJC_IMPLEMENTATIONS = YES;
				CLANG_WARN_DIRECT_OBJC_ISA_USAGE = YES_ERROR;
				CLANG_WARN_DOCUMENTATION_COMMENTS = YES;
				CLANG_WARN_EMPTY_BODY = YES;
				CLANG_WARN_ENUM_CONVERSION = YES;
				CLANG_WARN_INFINITE_RECURSION = YES;
				CLANG_WARN_INT_CONVERSION = YES;
				CLANG_WARN_NON_LITERAL_NULL_CONVERSION = YES;
				CLANG_WARN_OBJC_IMPLICIT_RETAIN_SELF = YES;
				CLANG_WARN_OBJC_LITERAL_CONVERSION = YES;
				CLANG_WARN_OBJC_ROOT_CLASS = YES_ERROR;
				CLANG_WARN_QUOTED_INCLUDE_IN_FRAMEWORK_HEADER = YES;
				CLANG_WARN_RANGE_LOOP_ANALYSIS = YES;
				CLANG_WARN_STRICT_PROTOTYPES = YES;
				CLANG_WARN_SUSPICIOUS_MOVE = YES;
				CLANG_WARN_UNGUARDED_AVAILABILITY = YES_AGGRESSIVE;
				CLANG_WARN_UNREACHABLE_CODE = YES;
				CLANG_WARN__DUPLICATE_METHOD_MATCH = YES;
				COPY_PHASE_STRIP = NO;
				DEBUG_INFORMATION_FORMAT = dwarf;
				ENABLE_STRICT_OBJC_MSGSEND = YES;
				ENABLE_TESTABILITY = YES;
				GCC_C_LANGUAGE_STANDARD = gnu11;
				GCC_DYNAMIC_NO_PIC = NO;
				GCC_NO_COMMON_BLOCKS = YES;
				GCC_OPTIMIZATION_LEVEL = 0;
				GCC_PREPROCESSOR_DEFINITIONS = (
					"DEBUG=1",
					"$(inherited)",
				);
				GCC_WARN_64_TO_32_BIT_CONVERSION = YES;
				GCC_WARN_ABOUT_RETURN_TYPE = YES_ERROR;
				GCC_WARN_UNDECLARED_SELECTOR = YES;
				GCC_WARN_UNINITIALIZED_AUTOS = YES_AGGRESSIVE;
				GCC_WARN_UNUSED_FUNCTION = YES;
				GCC_WARN_UNUSED_VARIABLE = YES;
				MACOSX_DEPLOYMENT_TARGET = 10.15;
				MTL_ENABLE_DEBUG_INFO = INCLUDE_SOURCE;
				MTL_FAST_MATH = YES;
				ONLY_ACTIVE_ARCH = YES;
				SDKROOT = macosx;
			};
			name = Debug;
		};
		2BAD0A7725C417E200F1DB9B /* Release */ = {
			isa = XCBuildConfiguration;
			buildSettings = {
				ALWAYS_SEARCH_USER_PATHS = NO;
				CLANG_ANALYZER_NONNULL = YES;
				CLANG_ANALYZER_NUMBER_OBJECT_CONVERSION = YES_AGGRESSIVE;
				CLANG_CXX_LANGUAGE_STANDARD = "gnu++14";
				CLANG_CXX_LIBRARY = "libc++";
				CLANG_ENABLE_MODULES = YES;
				CLANG_ENABLE_OBJC_ARC = YES;
				CLANG_ENABLE_OBJC_WEAK = YES;
				CLANG_WARN_BLOCK_CAPTURE_AUTORELEASING = YES;
				CLANG_WARN_BOOL_CONVERSION = YES;
				CLANG_WARN_COMMA = YES;
				CLANG_WARN_CONSTANT_CONVERSION = YES;
				CLANG_WARN_DEPRECATED_OBJC_IMPLEMENTATIONS = YES;
				CLANG_WARN_DIRECT_OBJC_ISA_USAGE = YES_ERROR;
				CLANG_WARN_DOCUMENTATION_COMMENTS = YES;
				CLANG_WARN_EMPTY_BODY = YES;
				CLANG_WARN_ENUM_CONVERSION = YES;
				CLANG_WARN_INFINITE_RECURSION = YES;
				CLANG_WARN_INT_CONVERSION = YES;
				CLANG_WARN_NON_LITERAL_NULL_CONVERSION = YES;
				CLANG_WARN_OBJC_IMPLICIT_RETAIN_SELF = YES;
				CLANG_WARN_OBJC_LITERAL_CONVERSION = YES;
				CLANG_WARN_OBJC_ROOT_CLASS = YES_ERROR;
				CLANG_WARN_QUOTED_INCLUDE_IN_FRAMEWORK_HEADER = YES;
				CLANG_WARN_RANGE_LOOP_ANALYSIS = YES;
				CLANG_WARN_STRICT_PROTOTYPES = YES;
				CLANG_WARN_SUSPICIOUS_MOVE = YES;
				CLANG_WARN_UNGUARDED_AVAILABILITY = YES_AGGRESSIVE;
				CLANG_WARN_UNREACHABLE_CODE = YES;
				CLANG_WARN__DUPLICATE_METHOD_MATCH = YES;
				COPY_PHASE_STRIP = NO;
				DEBUG_INFORMATION_FORMAT = "dwarf-with-dsym";
				ENABLE_NS_ASSERTIONS = NO;
				ENABLE_STRICT_OBJC_MSGSEND = YES;
				GCC_C_LANGUAGE_STANDARD = gnu11;
				GCC_NO_COMMON_BLOCKS = YES;
				GCC_WARN_64_TO_32_BIT_CONVERSION = YES;
				GCC_WARN_ABOUT_RETURN_TYPE = YES_ERROR;
				GCC_WARN_UNDECLARED_SELECTOR = YES;
				GCC_WARN_UNINITIALIZED_AUTOS = YES_AGGRESSIVE;
				GCC_WARN_UNUSED_FUNCTION = YES;
				GCC_WARN_UNUSED_VARIABLE = YES;
				MACOSX_DEPLOYMENT_TARGET = 10.15;
				MTL_ENABLE_DEBUG_INFO = NO;
				MTL_FAST_MATH = YES;
				SDKROOT = macosx;
			};
			name = Release;
		};
		2BAD0A7925C417E200F1DB9B /* Debug */ = {
			isa = XCBuildConfiguration;
			buildSettings = {
				ASSETCATALOG_COMPILER_APPICON_NAME = AppIcon;
				ASSETCATALOG_COMPILER_GLOBAL_ACCENT_COLOR_NAME = AccentColor;
				CODE_SIGN_ENTITLEMENTS = opengl/opengl.entitlements;
				CODE_SIGN_STYLE = Automatic;
				COMBINE_HIDPI_IMAGES = YES;
				DEVELOPMENT_TEAM = 9XG647X5D2;
				ENABLE_HARDENED_RUNTIME = NO;
				HEADER_SEARCH_PATHS = (
					/usr/local/include,
					"$(inherited)",
					/usr/local/Cellar/glfw/3.3.2/lib,
					/usr/local/Cellar/glew/2.1.0_1/lib,
					"/Users/bytedance/Downloads/glm-0.9.9.8",
				);
				INFOPLIST_FILE = opengl/Info.plist;
				LD_RUNPATH_SEARCH_PATHS = (
					"$(inherited)",
					"@executable_path/../Frameworks",
				);
				LIBRARY_SEARCH_PATHS = (
					"$(inherited)",
					/usr/local/Cellar/glew/2.1.0_1/lib,
					/usr/local/Cellar/glfw/3.3.2/lib,
				);
				PRODUCT_BUNDLE_IDENTIFIER = yangying.opengl;
				PRODUCT_NAME = "$(TARGET_NAME)";
			};
			name = Debug;
		};
		2BAD0A7A25C417E200F1DB9B /* Release */ = {
			isa = XCBuildConfiguration;
			buildSettings = {
				ASSETCATALOG_COMPILER_APPICON_NAME = AppIcon;
				ASSETCATALOG_COMPILER_GLOBAL_ACCENT_COLOR_NAME = AccentColor;
				CODE_SIGN_ENTITLEMENTS = opengl/opengl.entitlements;
				CODE_SIGN_STYLE = Automatic;
				COMBINE_HIDPI_IMAGES = YES;
				DEVELOPMENT_TEAM = 9XG647X5D2;
				ENABLE_HARDENED_RUNTIME = NO;
				HEADER_SEARCH_PATHS = (
					/usr/local/include,
					"$(inherited)",
					/usr/local/Cellar/glfw/3.3.2/lib,
					/usr/local/Cellar/glew/2.1.0_1/lib,
					"/Users/bytedance/Downloads/glm-0.9.9.8",
				);
				INFOPLIST_FILE = opengl/Info.plist;
				LD_RUNPATH_SEARCH_PATHS = (
					"$(inherited)",
					"@executable_path/../Frameworks",
				);
				LIBRARY_SEARCH_PATHS = (
					"$(inherited)",
					/usr/local/Cellar/glew/2.1.0_1/lib,
					/usr/local/Cellar/glfw/3.3.2/lib,
				);
				PRODUCT_BUNDLE_IDENTIFIER = yangying.opengl;
				PRODUCT_NAME = "$(TARGET_NAME)";
			};
			name = Release;
		};
/* End XCBuildConfiguration section */

/* Begin XCConfigurationList section */
		2BAD0A5F25C417E000F1DB9B /* Build configuration list for PBXProject "opengl" */ = {
			isa = XCConfigurationList;
			buildConfigurations = (
				2BAD0A7625C417E200F1DB9B /* Debug */,
				2BAD0A7725C417E200F1DB9B /* Release */,
			);
			defaultConfigurationIsVisible = 0;
			defaultConfigurationName = Release;
		};
		2BAD0A7825C417E200F1DB9B /* Build configuration list for PBXNativeTarget "opengl" */ = {
			isa = XCConfigurationList;
			buildConfigurations = (
				2BAD0A7925C417E200F1DB9B /* Debug */,
				2BAD0A7A25C417E200F1DB9B /* Release */,
			);
			defaultConfigurationIsVisible = 0;
			defaultConfigurationName = Release;
		};
/* End XCConfigurationList section */
	};
	rootObject = 2BAD0A5C25C417E000F1DB9B /* Project object */;
}
